
Microsoft Visual Studio Solution File, Format Version 12.00
Project("{FAE04EC0-301F-11D3-BF4B-00C04F79EFBC}") = "ScheduleApi", "ScheduleApi\ScheduleApi.csproj", "{D259500B-016B-491D-B9F1-FE6975547748}"
EndProject
Project("{FAE04EC0-301F-11D3-BF4B-00C04F79EFBC}") = "ScheduleCore", "ScheduleCore\ScheduleCore.csproj", "{B5DCBD78-86E4-4835-BCA9-9ABC78055318}"
EndProject
Global
	GlobalSection(SolutionConfigurationPlatforms) = preSolution
		Debug|Any CPU = Debug|Any CPU
		Release|Any CPU = Release|Any CPU
	EndGlobalSection
	GlobalSection(ProjectConfigurationPlatforms) = postSolution
		{D259500B-016B-491D-B9F1-FE6975547748}.Debug|Any CPU.ActiveCfg = Debug|Any CPU
		{D259500B-016B-491D-B9F1-FE6975547748}.Debug|Any CPU.Build.0 = Debug|Any CPU
		{D259500B-016B-491D-B9F1-FE6975547748}.Release|Any CPU.ActiveCfg = Release|Any CPU
		{D259500B-016B-491D-B9F1-FE6975547748}.Release|Any CPU.Build.0 = Release|Any CPU
		{B5DCBD78-86E4-4835-BCA9-9ABC78055318}.Debug|Any CPU.ActiveCfg = Debug|Any CPU
		{B5DCBD78-86E4-4835-BCA9-9ABC78055318}.Debug|Any CPU.Build.0 = Debug|Any CPU
		{B5DCBD78-86E4-4835-BCA9-9ABC78055318}.Release|Any CPU.ActiveCfg = Release|Any CPU
		{B5DCBD78-86E4-4835-BCA9-9ABC78055318}.Release|Any CPU.Build.0 = Release|Any CPU
	EndGlobalSection
EndGlobal
